
Microsoft Visual Studio Solution File, Format Version 12.00
# Visual Studio Version 16
VisualStudioVersion = 16.0.31424.327
MinimumVisualStudioVersion = 10.0.40219.1
Project("{FAE04EC0-301F-11D3-BF4B-00C04F79EFBC}") = "Blog.ConsoleApp", "Blog.ConsoleApp\Blog.ConsoleApp.csproj", "{27416988-0132-44A5-92A4-A780808213E4}"
EndProject
Global
	GlobalSection(SolutionConfigurationPlatforms) = preSolution
		Debug|Any CPU = Debug|Any CPU
		Release|Any CPU = Release|Any CPU
	EndGlobalSection
	GlobalSection(ProjectConfigurationPlatforms) = postSolution
		{27416988-0132-44A5-92A4-A780808213E4}.Debug|Any CPU.ActiveCfg = Debug|Any CPU
		{27416988-0132-44A5-92A4-A780808213E4}.Debug|Any CPU.Build.0 = Debug|Any CPU
		{27416988-0132-44A5-92A4-A780808213E4}.Release|Any CPU.ActiveCfg = Release|Any CPU
		{27416988-0132-44A5-92A4-A780808213E4}.Release|Any CPU.Build.0 = Release|Any CPU
	EndGlobalSection
	GlobalSection(SolutionProperties) = preSolution
		HideSolutionNode = FALSE
	EndGlobalSection
	GlobalSection(ExtensibilityGlobals) = postSolution
		SolutionGuid = {CCF9CE24-9683-4BED-9488-E902282EAD2C}
	EndGlobalSection
EndGlobal
